
Microsoft Visual Studio Solution File, Format Version 12.00
# Visual Studio Version 17
VisualStudioVersion = 17.3.32901.215
MinimumVisualStudioVersion = 10.0.40219.1
Project("{FAE04EC0-301F-11D3-BF4B-00C04F79EFBC}") = "homework9.1", "homework9\homework9.1.csproj", "{8BFB7AD9-4CB1-4003-BFBC-E070B977B898}"
EndProject
Project("{FAE04EC0-301F-11D3-BF4B-00C04F79EFBC}") = "homework9.2", "homework9.2\homework9.2.csproj", "{C4759976-F976-459F-AB8F-8C0A7A086EFF}"
EndProject
Project("{FAE04EC0-301F-11D3-BF4B-00C04F79EFBC}") = "homework9.3", "homework9.3\homework9.3.csproj", "{A05D1548-D1D7-45A7-9A50-AFBD33CE99F1}"
EndProject
Global
	GlobalSection(SolutionConfigurationPlatforms) = preSolution
		Debug|Any CPU = Debug|Any CPU
		Release|Any CPU = Release|Any CPU
	EndGlobalSection
	GlobalSection(ProjectConfigurationPlatforms) = postSolution
		{8BFB7AD9-4CB1-4003-BFBC-E070B977B898}.Debug|Any CPU.ActiveCfg = Debug|Any CPU
		{8BFB7AD9-4CB1-4003-BFBC-E070B977B898}.Debug|Any CPU.Build.0 = Debug|Any CPU
		{8BFB7AD9-4CB1-4003-BFBC-E070B977B898}.Release|Any CPU.ActiveCfg = Release|Any CPU
		{8BFB7AD9-4CB1-4003-BFBC-E070B977B898}.Release|Any CPU.Build.0 = Release|Any CPU
		{C4759976-F976-459F-AB8F-8C0A7A086EFF}.Debug|Any CPU.ActiveCfg = Debug|Any CPU
		{C4759976-F976-459F-AB8F-8C0A7A086EFF}.Debug|Any CPU.Build.0 = Debug|Any CPU
		{C4759976-F976-459F-AB8F-8C0A7A086EFF}.Release|Any CPU.ActiveCfg = Release|Any CPU
		{C4759976-F976-459F-AB8F-8C0A7A086EFF}.Release|Any CPU.Build.0 = Release|Any CPU
		{A05D1548-D1D7-45A7-9A50-AFBD33CE99F1}.Debug|Any CPU.ActiveCfg = Debug|Any CPU
		{A05D1548-D1D7-45A7-9A50-AFBD33CE99F1}.Debug|Any CPU.Build.0 = Debug|Any CPU
		{A05D1548-D1D7-45A7-9A50-AFBD33CE99F1}.Release|Any CPU.ActiveCfg = Release|Any CPU
		{A05D1548-D1D7-45A7-9A50-AFBD33CE99F1}.Release|Any CPU.Build.0 = Release|Any CPU
	EndGlobalSection
	GlobalSection(SolutionProperties) = preSolution
		HideSolutionNode = FALSE
	EndGlobalSection
	GlobalSection(ExtensibilityGlobals) = postSolution
		SolutionGuid = {D627E834-58D1-4C34-A0DC-E161570DF478}
	EndGlobalSection
EndGlobal
